
Microsoft Visual Studio Solution File, Format Version 12.00
# Visual Studio 15
VisualStudioVersion = 15.0.34829.251
MinimumVisualStudioVersion = 10.0.40219.1
Project("{FAE04EC0-301F-11D3-BF4B-00C04F79EFBC}") = "YonMobilya", "YonMobilya\YonMobilya.csproj", "{36204C0B-1F26-4FA6-8D03-98D3852D50CB}"
EndProject
Global
	GlobalSection(SolutionConfigurationPlatforms) = preSolution
		Debug|Any CPU = Debug|Any CPU
		Release|Any CPU = Release|Any CPU
	EndGlobalSection
	GlobalSection(ProjectConfigurationPlatforms) = postSolution
		{36204C0B-1F26-4FA6-8D03-98D3852D50CB}.Debug|Any CPU.ActiveCfg = Debug|Any CPU
		{36204C0B-1F26-4FA6-8D03-98D3852D50CB}.Debug|Any CPU.Build.0 = Debug|Any CPU
		{36204C0B-1F26-4FA6-8D03-98D3852D50CB}.Release|Any CPU.ActiveCfg = Release|Any CPU
		{36204C0B-1F26-4FA6-8D03-98D3852D50CB}.Release|Any CPU.Build.0 = Release|Any CPU
	EndGlobalSection
	GlobalSection(SolutionProperties) = preSolution
		HideSolutionNode = FALSE
	EndGlobalSection
	GlobalSection(ExtensibilityGlobals) = postSolution
		SolutionGuid = {DA24DC99-6240-443D-A353-3343E4EE40E8}
	EndGlobalSection
EndGlobal
